
Microsoft Visual Studio Solution File, Format Version 12.00
# Visual Studio Version 16
VisualStudioVersion = 16.0.31624.102
MinimumVisualStudioVersion = 10.0.40219.1
Project("{9A19103F-16F7-4668-BE54-9A1E7A4F7556}") = "WatchPortalFunction", "WatchPortalFunction\WatchPortalFunction.csproj", "{624DFB5A-71C6-45DC-841F-92D6A011169D}"
EndProject
Project("{FAE04EC0-301F-11D3-BF4B-00C04F79EFBC}") = "WatchFunctionsTests", "WatchFunctionsTests\WatchFunctionsTests.csproj", "{9B93993B-2EF4-4877-8A8E-73C18F1081CA}"
EndProject
Global
	GlobalSection(SolutionConfigurationPlatforms) = preSolution
		Debug|Any CPU = Debug|Any CPU
		Release|Any CPU = Release|Any CPU
	EndGlobalSection
	GlobalSection(ProjectConfigurationPlatforms) = postSolution
		{624DFB5A-71C6-45DC-841F-92D6A011169D}.Debug|Any CPU.ActiveCfg = Debug|Any CPU
		{624DFB5A-71C6-45DC-841F-92D6A011169D}.Debug|Any CPU.Build.0 = Debug|Any CPU
		{624DFB5A-71C6-45DC-841F-92D6A011169D}.Release|Any CPU.ActiveCfg = Release|Any CPU
		{624DFB5A-71C6-45DC-841F-92D6A011169D}.Release|Any CPU.Build.0 = Release|Any CPU
		{9B93993B-2EF4-4877-8A8E-73C18F1081CA}.Debug|Any CPU.ActiveCfg = Debug|Any CPU
		{9B93993B-2EF4-4877-8A8E-73C18F1081CA}.Debug|Any CPU.Build.0 = Debug|Any CPU
		{9B93993B-2EF4-4877-8A8E-73C18F1081CA}.Release|Any CPU.ActiveCfg = Release|Any CPU
		{9B93993B-2EF4-4877-8A8E-73C18F1081CA}.Release|Any CPU.Build.0 = Release|Any CPU
	EndGlobalSection
	GlobalSection(SolutionProperties) = preSolution
		HideSolutionNode = FALSE
	EndGlobalSection
	GlobalSection(ExtensibilityGlobals) = postSolution
		SolutionGuid = {483E88AC-2FAF-4429-B24A-5AA59717265E}
	EndGlobalSection
EndGlobal
